// !$*UTF8*$!
{
	archiveVersion = 1;
	classes = {
	};
	objectVersion = 48;
	objects = {

/* Begin PBXBuildFile section */
		22294C572167FAD30019AC38 /* playSoundsViewController.swift in Sources */ = {isa = PBXBuildFile; fileRef = 22294C562167FAD30019AC38 /* playSoundsViewController.swift */; };
		22B79B15216855A00001C5EA /* playsoundsviewcontroller-audio.swift in Sources */ = {isa = PBXBuildFile; fileRef = 22B79B14216855A00001C5EA /* playsoundsviewcontroller-audio.swift */; };
		22CE050121645B08006600A5 /* AppDelegate.swift in Sources */ = {isa = PBXBuildFile; fileRef = 22CE050021645B08006600A5 /* AppDelegate.swift */; };
		22CE050321645B08006600A5 /* RecordSoundViewController.swift in Sources */ = {isa = PBXBuildFile; fileRef = 22CE050221645B08006600A5 /* RecordSoundViewController.swift */; };
		22CE050621645B08006600A5 /* Main.storyboard in Resources */ = {isa = PBXBuildFile; fileRef = 22CE050421645B08006600A5 /* Main.storyboard */; };
		22CE050821645B08006600A5 /* Assets.xcassets in Resources */ = {isa = PBXBuildFile; fileRef = 22CE050721645B08006600A5 /* Assets.xcassets */; };
		22CE050B21645B08006600A5 /* LaunchScreen.storyboard in Resources */ = {isa = PBXBuildFile; fileRef = 22CE050921645B08006600A5 /* LaunchScreen.storyboard */; };
/* End PBXBuildFile section */

/* Begin PBXFileReference section */
		22294C562167FAD30019AC38 /* playSoundsViewController.swift */ = {isa = PBXFileReference; lastKnownFileType = sourcecode.swift; path = playSoundsViewController.swift; sourceTree = "<group>"; };
		22B79B14216855A00001C5EA /* playsoundsviewcontroller-audio.swift */ = {isa = PBXFileReference; lastKnownFileType = sourcecode.swift; path = "playsoundsviewcontroller-audio.swift"; sourceTree = "<group>"; };
		22CE04FD21645B08006600A5 /* FirstTest.app */ = {isa = PBXFileReference; explicitFileType = wrapper.application; includeInIndex = 0; path = FirstTest.app; sourceTree = BUILT_PRODUCTS_DIR; };
		22CE050021645B08006600A5 /* AppDelegate.swift */ = {isa = PBXFileReference; lastKnownFileType = sourcecode.swift; path = AppDelegate.swift; sourceTree = "<group>"; };
		22CE050221645B08006600A5 /* RecordSoundViewController.swift */ = {isa = PBXFileReference; lastKnownFileType = sourcecode.swift; path = RecordSoundViewController.swift; sourceTree = "<group>"; };
		22CE050521645B08006600A5 /* Base */ = {isa = PBXFileReference; lastKnownFileType = file.storyboard; name = Base; path = Base.lproj/Main.storyboard; sourceTree = "<group>"; };
		22CE050721645B08006600A5 /* Assets.xcassets */ = {isa = PBXFileReference; lastKnownFileType = folder.assetcatalog; path = Assets.xcassets; sourceTree = "<group>"; };
		22CE050A21645B08006600A5 /* Base */ = {isa = PBXFileReference; lastKnownFileType = file.storyboard; name = Base; path = Base.lproj/LaunchScreen.storyboard; sourceTree = "<group>"; };
		22CE050C21645B08006600A5 /* Info.plist */ = {isa = PBXFileReference; lastKnownFileType = text.plist.xml; path = Info.plist; sourceTree = "<group>"; };
/* End PBXFileReference section */

/* Begin PBXFrameworksBuildPhase section */
		22CE04FA21645B08006600A5 /* Frameworks */ = {
			isa = PBXFrameworksBuildPhase;
			buildActionMask = 2147483647;
			files = (
			);
			runOnlyForDeploymentPostprocessing = 0;
		};
/* End PBXFrameworksBuildPhase section */

/* Begin PBXGroup section */
		22CE04F421645B08006600A5 = {
			isa = PBXGroup;
			children = (
				22CE04FF21645B08006600A5 /* FirstTest */,
				22CE04FE21645B08006600A5 /* Products */,
			);
			sourceTree = "<group>";
		};
		22CE04FE21645B08006600A5 /* Products */ = {
			isa = PBXGroup;
			children = (
				22CE04FD21645B08006600A5 /* FirstTest.app */,
			);
			name = Products;
			sourceTree = "<group>";
		};
		22CE04FF21645B08006600A5 /* FirstTest */ = {
			isa = PBXGroup;
			children = (
				22CE050021645B08006600A5 /* AppDelegate.swift */,
				22CE050221645B08006600A5 /* RecordSoundViewController.swift */,
				22CE050421645B08006600A5 /* Main.storyboard */,
				22CE050721645B08006600A5 /* Assets.xcassets */,
				22CE050921645B08006600A5 /* LaunchScreen.storyboard */,
				22CE050C21645B08006600A5 /* Info.plist */,
				22294C562167FAD30019AC38 /* playSoundsViewController.swift */,
				22B79B14216855A00001C5EA /* playsoundsviewcontroller-audio.swift */,
			);
			path = FirstTest;
			sourceTree = "<group>";
		};
/* End PBXGroup section */

/* Begin PBXNativeTarget section */
		22CE04FC21645B08006600A5 /* FirstTest */ = {
			isa = PBXNativeTarget;
			buildConfigurationList = 22CE050F21645B08006600A5 /* Build configuration list for PBXNativeTarget "FirstTest" */;
			buildPhases = (
				22CE04F921645B08006600A5 /* Sources */,
				22CE04FA21645B08006600A5 /* Frameworks */,
				22CE04FB21645B08006600A5 /* Resources */,
			);
			buildRules = (
			);
			dependencies = (
			);
			name = FirstTest;
			productName = FirstTest;
			productReference = 22CE04FD21645B08006600A5 /* FirstTest.app */;
			productType = "com.apple.product-type.application";
		};
/* End PBXNativeTarget section */

/* Begin PBXProject section */
		22CE04F521645B08006600A5 /* Project object */ = {
			isa = PBXProject;
			attributes = {
				LastSwiftUpdateCheck = 0900;
				LastUpgradeCheck = 0900;
				ORGANIZATIONNAME = SAM;
				TargetAttributes = {
					22CE04FC21645B08006600A5 = {
						CreatedOnToolsVersion = 9.0;
						ProvisioningStyle = Automatic;
					};
				};
			};
			buildConfigurationList = 22CE04F821645B08006600A5 /* Build configuration list for PBXProject "FirstTest" */;
			compatibilityVersion = "Xcode 8.0";
			developmentRegion = en;
			hasScannedForEncodings = 0;
			knownRegions = (
				en,
				Base,
			);
			mainGroup = 22CE04F421645B08006600A5;
			productRefGroup = 22CE04FE21645B08006600A5 /* Products */;
			projectDirPath = "";
			projectRoot = "";
			targets = (
				22CE04FC21645B08006600A5 /* FirstTest */,
			);
		};
/* End PBXProject section */

/* Begin PBXResourcesBuildPhase section */
		22CE04FB21645B08006600A5 /* Resources */ = {
			isa = PBXResourcesBuildPhase;
			buildActionMask = 2147483647;
			files = (
				22CE050B21645B08006600A5 /* LaunchScreen.storyboard in Resources */,
				22CE050821645B08006600A5 /* Assets.xcassets in Resources */,
				22CE050621645B08006600A5 /* Main.storyboard in Resources */,
			);
			runOnlyForDeploymentPostprocessing = 0;
		};
/* End PBXResourcesBuildPhase section */

/* Begin PBXSourcesBuildPhase section */
		22CE04F921645B08006600A5 /* Sources */ = {
			isa = PBXSourcesBuildPhase;
			buildActionMask = 2147483647;
			files = (
				22294C572167FAD30019AC38 /* playSoundsViewController.swift in Sources */,
				22CE050321645B08006600A5 /* RecordSoundViewController.swift in Sources */,
				22CE050121645B08006600A5 /* AppDelegate.swift in Sources */,
				22B79B15216855A00001C5EA /* playsoundsviewcontroller-audio.swift in Sources */,
			);
			runOnlyForDeploymentPostprocessing = 0;
		};
/* End PBXSourcesBuildPhase section */

/* Begin PBXVariantGroup section */
		22CE050421645B08006600A5 /* Main.storyboard */ = {
			isa = PBXVariantGroup;
			children = (
				22CE050521645B08006600A5 /* Base */,
			);
			name = Main.storyboard;
			sourceTree = "<group>";
		};
		22CE050921645B08006600A5 /* LaunchScreen.storyboard */ = {
			isa = PBXVariantGroup;
			children = (
				22CE050A21645B08006600A5 /* Base */,
			);
			name = LaunchScreen.storyboard;
			sourceTree = "<group>";
		};
/* End PBXVariantGroup section */

/* Begin XCBuildConfiguration section */
		22CE050D21645B08006600A5 /* Debug */ = {
			isa = XCBuildConfiguration;
			buildSettings = {
				ALWAYS_SEARCH_USER_PATHS = NO;
				CLANG_ANALYZER_NONNULL = YES;
				CLANG_ANALYZER_NUMBER_OBJECT_CONVERSION = YES_AGGRESSIVE;
				CLANG_CXX_LANGUAGE_STANDARD = "gnu++14";
				CLANG_CXX_LIBRARY = "libc++";
				CLANG_ENABLE_MODULES = YES;
				CLANG_ENABLE_OBJC_ARC = YES;
				CLANG_WARN_BLOCK_CAPTURE_AUTORELEASING = YES;
				CLANG_WARN_BOOL_CONVERSION = YES;
				CLANG_WARN_COMMA = YES;
				CLANG_WARN_CONSTANT_CONVERSION = YES;
				CLANG_WARN_DIRECT_OBJC_ISA_USAGE = YES_ERROR;
				CLANG_WARN_DOCUMENTATION_COMMENTS = YES;
				CLANG_WARN_EMPTY_BODY = YES;
				CLANG_WARN_ENUM_CONVERSION = YES;
				CLANG_WARN_INFINITE_RECURSION = YES;
				CLANG_WARN_INT_CONVERSION = YES;
				CLANG_WARN_NON_LITERAL_NULL_CONVERSION = YES;
				CLANG_WARN_OBJC_LITERAL_CONVERSION = YES;
				CLANG_WARN_OBJC_ROOT_CLASS = YES_ERROR;
				CLANG_WARN_RANGE_LOOP_ANALYSIS = YES;
				CLANG_WARN_STRICT_PROTOTYPES = YES;
				CLANG_WARN_SUSPICIOUS_MOVE = YES;
				CLANG_WARN_UNGUARDED_AVAILABILITY = YES_AGGRESSIVE;
				CLANG_WARN_UNREACHABLE_CODE = YES;
				CLANG_WARN__DUPLICATE_METHOD_MATCH = YES;
				CODE_SIGN_IDENTITY = "iPhone Developer";
				COPY_PHASE_STRIP = NO;
				DEBUG_INFORMATION_FORMAT = dwarf;
				ENABLE_STRICT_OBJC_MSGSEND = YES;
				ENABLE_TESTABILITY = YES;
				GCC_C_LANGUAGE_STANDARD = gnu11;
				GCC_DYNAMIC_NO_PIC = NO;
				GCC_NO_COMMON_BLOCKS = YES;
				GCC_OPTIMIZATION_LEVEL = 0;
				GCC_PREPROCESSOR_DEFINITIONS = (
					"DEBUG=1",
					"$(inherited)",
				);
				GCC_WARN_64_TO_32_BIT_CONVERSION = YES;
				GCC_WARN_ABOUT_RETURN_TYPE = YES_ERROR;
				GCC_WARN_UNDECLARED_SELECTOR = YES;
				GCC_WARN_UNINITIALIZED_AUTOS = YES_AGGRESSIVE;
				GCC_WARN_UNUSED_FUNCTION = YES;
				GCC_WARN_UNUSED_VARIABLE = YES;
				IPHONEOS_DEPLOYMENT_TARGET = 11.0;
				MTL_ENABLE_DEBUG_INFO = YES;
				ONLY_ACTIVE_ARCH = YES;
				SDKROOT = iphoneos;
				SWIFT_ACTIVE_COMPILATION_CONDITIONS = DEBUG;
				SWIFT_OPTIMIZATION_LEVEL = "-Onone";
			};
			name = Debug;
		};
		22CE050E21645B08006600A5 /* Release */ = {
			isa = XCBuildConfiguration;
			buildSettings = {
				ALWAYS_SEARCH_USER_PATHS = NO;
				CLANG_ANALYZER_NONNULL = YES;
				CLANG_ANALYZER_NUMBER_OBJECT_CONVERSION = YES_AGGRESSIVE;
				CLANG_CXX_LANGUAGE_STANDARD = "gnu++14";
				CLANG_CXX_LIBRARY = "libc++";
				CLANG_ENABLE_MODULES = YES;
				CLANG_ENABLE_OBJC_ARC = YES;
				CLANG_WARN_BLOCK_CAPTURE_AUTORELEASING = YES;
				CLANG_WARN_BOOL_CONVERSION = YES;
				CLANG_WARN_COMMA = YES;
				CLANG_WARN_CONSTANT_CONVERSION = YES;
				CLANG_WARN_DIRECT_OBJC_ISA_USAGE = YES_ERROR;
				CLANG_WARN_DOCUMENTATION_COMMENTS = YES;
				CLANG_WARN_EMPTY_BODY = YES;
				CLANG_WARN_ENUM_CONVERSION = YES;
				CLANG_WARN_INFINITE_RECURSION = YES;
				CLANG_WARN_INT_CONVERSION = YES;
				CLANG_WARN_NON_LITERAL_NULL_CONVERSION = YES;
				CLANG_WARN_OBJC_LITERAL_CONVERSION = YES;
				CLANG_WARN_OBJC_ROOT_CLASS = YES_ERROR;
				CLANG_WARN_RANGE_LOOP_ANALYSIS = YES;
				CLANG_WARN_STRICT_PROTOTYPES = YES;
				CLANG_WARN_SUSPICIOUS_MOVE = YES;
				CLANG_WARN_UNGUARDED_AVAILABILITY = YES_AGGRESSIVE;
				CLANG_WARN_UNREACHABLE_CODE = YES;
				CLANG_WARN__DUPLICATE_METHOD_MATCH = YES;
				CODE_SIGN_IDENTITY = "iPhone Developer";
				COPY_PHASE_STRIP = NO;
				DEBUG_INFORMATION_FORMAT = "dwarf-with-dsym";
				ENABLE_NS_ASSERTIONS = NO;
				ENABLE_STRICT_OBJC_MSGSEND = YES;
				GCC_C_LANGUAGE_STANDARD = gnu11;
				GCC_NO_COMMON_BLOCKS = YES;
				GCC_WARN_64_TO_32_BIT_CONVERSION = YES;
				GCC_WARN_ABOUT_RETURN_TYPE = YES_ERROR;
				GCC_WARN_UNDECLARED_SELECTOR = YES;
				GCC_WARN_UNINITIALIZED_AUTOS = YES_AGGRESSIVE;
				GCC_WARN_UNUSED_FUNCTION = YES;
				GCC_WARN_UNUSED_VARIABLE = YES;
				IPHONEOS_DEPLOYMENT_TARGET = 11.0;
				MTL_ENABLE_DEBUG_INFO = NO;
				SDKROOT = iphoneos;
				SWIFT_OPTIMIZATION_LEVEL = "-Owholemodule";
				VALIDATE_PRODUCT = YES;
			};
			name = Release;
		};
		22CE051021645B08006600A5 /* Debug */ = {
			isa = XCBuildConfiguration;
			buildSettings = {
				ASSETCATALOG_COMPILER_APPICON_NAME = AppIcon;
				CODE_SIGN_STYLE = Automatic;
				INFOPLIST_FILE = FirstTest/Info.plist;
				LD_RUNPATH_SEARCH_PATHS = "$(inherited) @executable_path/Frameworks";
				PRODUCT_BUNDLE_IDENTIFIER = "-.FirstTest";
				PRODUCT_NAME = "$(TARGET_NAME)";
				SWIFT_VERSION = 4.0;
				TARGETED_DEVICE_FAMILY = "1,2";
			};
			name = Debug;
		};
		22CE051121645B08006600A5 /* Release */ = {
			isa = XCBuildConfiguration;
			buildSettings = {
				ASSETCATALOG_COMPILER_APPICON_NAME = AppIcon;
				CODE_SIGN_STYLE = Automatic;
				INFOPLIST_FILE = FirstTest/Info.plist;
				LD_RUNPATH_SEARCH_PATHS = "$(inherited) @executable_path/Frameworks";
				PRODUCT_BUNDLE_IDENTIFIER = "-.FirstTest";
				PRODUCT_NAME = "$(TARGET_NAME)";
				SWIFT_VERSION = 4.0;
				TARGETED_DEVICE_FAMILY = "1,2";
			};
			name = Release;
		};
/* End XCBuildConfiguration section */

/* Begin XCConfigurationList section */
		22CE04F821645B08006600A5 /* Build configuration list for PBXProject "FirstTest" */ = {
			isa = XCConfigurationList;
			buildConfigurations = (
				22CE050D21645B08006600A5 /* Debug */,
				22CE050E21645B08006600A5 /* Release */,
			);
			defaultConfigurationIsVisible = 0;
			defaultConfigurationName = Release;
		};
		22CE050F21645B08006600A5 /* Build configuration list for PBXNativeTarget "FirstTest" */ = {
			isa = XCConfigurationList;
			buildConfigurations = (
				22CE051021645B08006600A5 /* Debug */,
				22CE051121645B08006600A5 /* Release */,
			);
			defaultConfigurationIsVisible = 0;
			defaultConfigurationName = Release;
		};
/* End XCConfigurationList section */
	};
	rootObject = 22CE04F521645B08006600A5 /* Project object */;
}
